
Microsoft Visual Studio Solution File, Format Version 12.00
# Visual Studio Version 17
VisualStudioVersion = 17.3.32929.385
MinimumVisualStudioVersion = 10.0.40219.1
Project("{FAE04EC0-301F-11D3-BF4B-00C04F79EFBC}") = "MyVideIO", "MyVideIO\MyVideIO.csproj", "{AC895141-ACC7-408A-86E1-F676B1122874}"
EndProject
Global
	GlobalSection(SolutionConfigurationPlatforms) = preSolution
		Debug|Any CPU = Debug|Any CPU
		Release|Any CPU = Release|Any CPU
	EndGlobalSection
	GlobalSection(ProjectConfigurationPlatforms) = postSolution
		{AC895141-ACC7-408A-86E1-F676B1122874}.Debug|Any CPU.ActiveCfg = Debug|Any CPU
		{AC895141-ACC7-408A-86E1-F676B1122874}.Debug|Any CPU.Build.0 = Debug|Any CPU
		{AC895141-ACC7-408A-86E1-F676B1122874}.Release|Any CPU.ActiveCfg = Release|Any CPU
		{AC895141-ACC7-408A-86E1-F676B1122874}.Release|Any CPU.Build.0 = Release|Any CPU
	EndGlobalSection
	GlobalSection(SolutionProperties) = preSolution
		HideSolutionNode = FALSE
	EndGlobalSection
	GlobalSection(ExtensibilityGlobals) = postSolution
		SolutionGuid = {D48EB311-5CF6-498D-A620-A9B64546B470}
	EndGlobalSection
EndGlobal
