
Microsoft Visual Studio Solution File, Format Version 12.00
# Visual Studio Version 17
VisualStudioVersion = 17.3.32929.385
MinimumVisualStudioVersion = 10.0.40219.1
Project("{FAE04EC0-301F-11D3-BF4B-00C04F79EFBC}") = "MyVideIO", "MyVideIO\MyVideIO.csproj", "{F9D9CC84-BF3E-43A4-B822-7E622717BE0F}"
EndProject
Global
	GlobalSection(SolutionConfigurationPlatforms) = preSolution
		Debug|Any CPU = Debug|Any CPU
		Release|Any CPU = Release|Any CPU
	EndGlobalSection
	GlobalSection(ProjectConfigurationPlatforms) = postSolution
		{F9D9CC84-BF3E-43A4-B822-7E622717BE0F}.Debug|Any CPU.ActiveCfg = Debug|Any CPU
		{F9D9CC84-BF3E-43A4-B822-7E622717BE0F}.Debug|Any CPU.Build.0 = Debug|Any CPU
		{F9D9CC84-BF3E-43A4-B822-7E622717BE0F}.Release|Any CPU.ActiveCfg = Release|Any CPU
		{F9D9CC84-BF3E-43A4-B822-7E622717BE0F}.Release|Any CPU.Build.0 = Release|Any CPU
	EndGlobalSection
	GlobalSection(SolutionProperties) = preSolution
		HideSolutionNode = FALSE
	EndGlobalSection
	GlobalSection(ExtensibilityGlobals) = postSolution
		SolutionGuid = {C8932F72-0224-4A62-8C57-478F871024D1}
	EndGlobalSection
EndGlobal
