
Microsoft Visual Studio Solution File, Format Version 12.00
# Visual Studio Version 17
VisualStudioVersion = 17.3.32929.385
MinimumVisualStudioVersion = 10.0.40219.1
Project("{9A19103F-16F7-4668-BE54-9A1E7A4F7556}") = "MyWideIO.API", "MyWideIO.API\MyWideIO.API.csproj", "{FA157C52-C7FA-4D3F-B720-9D012194B680}"
EndProject
Project("{FAE04EC0-301F-11D3-BF4B-00C04F79EFBC}") = "MyWideIO.API.Tests", "MyWideIO.API.Tests\MyWideIO.API.Tests.csproj", "{C053C3F5-802A-4E6C-96DE-ED903951E55A}"
EndProject
Global
	GlobalSection(SolutionConfigurationPlatforms) = preSolution
		Debug|Any CPU = Debug|Any CPU
		Release|Any CPU = Release|Any CPU
	EndGlobalSection
	GlobalSection(ProjectConfigurationPlatforms) = postSolution
		{FA157C52-C7FA-4D3F-B720-9D012194B680}.Debug|Any CPU.ActiveCfg = Debug|Any CPU
		{FA157C52-C7FA-4D3F-B720-9D012194B680}.Debug|Any CPU.Build.0 = Debug|Any CPU
		{FA157C52-C7FA-4D3F-B720-9D012194B680}.Release|Any CPU.ActiveCfg = Release|Any CPU
		{FA157C52-C7FA-4D3F-B720-9D012194B680}.Release|Any CPU.Build.0 = Release|Any CPU
		{C053C3F5-802A-4E6C-96DE-ED903951E55A}.Debug|Any CPU.ActiveCfg = Debug|Any CPU
		{C053C3F5-802A-4E6C-96DE-ED903951E55A}.Debug|Any CPU.Build.0 = Debug|Any CPU
		{C053C3F5-802A-4E6C-96DE-ED903951E55A}.Release|Any CPU.ActiveCfg = Release|Any CPU
		{C053C3F5-802A-4E6C-96DE-ED903951E55A}.Release|Any CPU.Build.0 = Release|Any CPU
	EndGlobalSection
	GlobalSection(SolutionProperties) = preSolution
		HideSolutionNode = FALSE
	EndGlobalSection
	GlobalSection(ExtensibilityGlobals) = postSolution
		SolutionGuid = {4F53E8C0-3856-4F1C-8E34-6EBD9FE5305E}
	EndGlobalSection
EndGlobal
